
Microsoft Visual Studio Solution File, Format Version 12.00
# Visual Studio Version 17
VisualStudioVersion = 17.0.32112.339
MinimumVisualStudioVersion = 10.0.40219.1
Project("{9A19103F-16F7-4668-BE54-9A1E7A4F7556}") = "SSW.FireEmoji.WebApp", "SSW.FireEmoji.WebApp\SSW.FireEmoji.WebApp.csproj", "{65E31B27-5F93-455E-89D9-83B5F8FB2227}"
EndProject
Project("{9A19103F-16F7-4668-BE54-9A1E7A4F7556}") = "SSW.FireEmoji.Core", "SSW.FireEmoji.Core\SSW.FireEmoji.Core.csproj", "{99781860-DC7D-47BD-81AE-8F65689C677A}"
EndProject
Project("{9A19103F-16F7-4668-BE54-9A1E7A4F7556}") = "SSW.FireEmoji.Trainer", "SSW.FireEmoji.Trainer\SSW.FireEmoji.Trainer.csproj", "{BDCED876-ABCA-4911-B4AA-AC3CFB0E993B}"
EndProject
Project("{9A19103F-16F7-4668-BE54-9A1E7A4F7556}") = "SSW.FireEmoji.Api", "SSW.FireEmoji.Api\SSW.FireEmoji.Api.csproj", "{0E71A6AA-4B0B-47B2-B518-64CF865A8FB9}"
EndProject
Project("{9A19103F-16F7-4668-BE54-9A1E7A4F7556}") = "SSW.FireEmoji.Console", "SSW.FireEmoji.Console\SSW.FireEmoji.Console.csproj", "{2CE8A16B-58DA-4C37-8B7E-71B3737897B2}"
EndProject
Project("{2150E333-8FDC-42A3-9474-1A3956D46DE8}") = "Apps", "Apps", "{AF98CD27-94C7-4961-87D7-E7C70899F714}"
EndProject
Project("{2150E333-8FDC-42A3-9474-1A3956D46DE8}") = "Core", "Core", "{B6E7F9A3-292C-429B-9C71-D4F936B98285}"
EndProject
Project("{9A19103F-16F7-4668-BE54-9A1E7A4F7556}") = "SSW.FireEmoji.Trainer.Core", "SSW.FireEmoji.Trainer.Core\SSW.FireEmoji.Trainer.Core.csproj", "{6520370C-17B4-4548-A7C6-89623105FF51}"
EndProject
Project("{2150E333-8FDC-42A3-9474-1A3956D46DE8}") = "Tests", "Tests", "{42FE7805-A87F-49E9-8FA8-062CA6827711}"
EndProject
Project("{FAE04EC0-301F-11D3-BF4B-00C04F79EFBC}") = "SSW.FireEmoji.MachineLearning.Tests", "SSW.FireEmoji.MachineLearning.Tests\SSW.FireEmoji.MachineLearning.Tests.csproj", "{26AAD5B2-D261-4BCA-AB3B-63A690E2691C}"
EndProject
Global
	GlobalSection(SolutionConfigurationPlatforms) = preSolution
		Debug|Any CPU = Debug|Any CPU
		Release|Any CPU = Release|Any CPU
	EndGlobalSection
	GlobalSection(ProjectConfigurationPlatforms) = postSolution
		{65E31B27-5F93-455E-89D9-83B5F8FB2227}.Debug|Any CPU.ActiveCfg = Debug|Any CPU
		{65E31B27-5F93-455E-89D9-83B5F8FB2227}.Debug|Any CPU.Build.0 = Debug|Any CPU
		{65E31B27-5F93-455E-89D9-83B5F8FB2227}.Release|Any CPU.ActiveCfg = Release|Any CPU
		{65E31B27-5F93-455E-89D9-83B5F8FB2227}.Release|Any CPU.Build.0 = Release|Any CPU
		{99781860-DC7D-47BD-81AE-8F65689C677A}.Debug|Any CPU.ActiveCfg = Debug|Any CPU
		{99781860-DC7D-47BD-81AE-8F65689C677A}.Debug|Any CPU.Build.0 = Debug|Any CPU
		{99781860-DC7D-47BD-81AE-8F65689C677A}.Release|Any CPU.ActiveCfg = Release|Any CPU
		{99781860-DC7D-47BD-81AE-8F65689C677A}.Release|Any CPU.Build.0 = Release|Any CPU
		{BDCED876-ABCA-4911-B4AA-AC3CFB0E993B}.Debug|Any CPU.ActiveCfg = Debug|Any CPU
		{BDCED876-ABCA-4911-B4AA-AC3CFB0E993B}.Debug|Any CPU.Build.0 = Debug|Any CPU
		{BDCED876-ABCA-4911-B4AA-AC3CFB0E993B}.Release|Any CPU.ActiveCfg = Release|Any CPU
		{BDCED876-ABCA-4911-B4AA-AC3CFB0E993B}.Release|Any CPU.Build.0 = Release|Any CPU
		{0E71A6AA-4B0B-47B2-B518-64CF865A8FB9}.Debug|Any CPU.ActiveCfg = Debug|Any CPU
		{0E71A6AA-4B0B-47B2-B518-64CF865A8FB9}.Debug|Any CPU.Build.0 = Debug|Any CPU
		{0E71A6AA-4B0B-47B2-B518-64CF865A8FB9}.Release|Any CPU.ActiveCfg = Release|Any CPU
		{0E71A6AA-4B0B-47B2-B518-64CF865A8FB9}.Release|Any CPU.Build.0 = Release|Any CPU
		{2CE8A16B-58DA-4C37-8B7E-71B3737897B2}.Debug|Any CPU.ActiveCfg = Debug|Any CPU
		{2CE8A16B-58DA-4C37-8B7E-71B3737897B2}.Debug|Any CPU.Build.0 = Debug|Any CPU
		{2CE8A16B-58DA-4C37-8B7E-71B3737897B2}.Release|Any CPU.ActiveCfg = Release|Any CPU
		{2CE8A16B-58DA-4C37-8B7E-71B3737897B2}.Release|Any CPU.Build.0 = Release|Any CPU
		{6520370C-17B4-4548-A7C6-89623105FF51}.Debug|Any CPU.ActiveCfg = Debug|Any CPU
		{6520370C-17B4-4548-A7C6-89623105FF51}.Debug|Any CPU.Build.0 = Debug|Any CPU
		{6520370C-17B4-4548-A7C6-89623105FF51}.Release|Any CPU.ActiveCfg = Release|Any CPU
		{6520370C-17B4-4548-A7C6-89623105FF51}.Release|Any CPU.Build.0 = Release|Any CPU
		{26AAD5B2-D261-4BCA-AB3B-63A690E2691C}.Debug|Any CPU.ActiveCfg = Debug|Any CPU
		{26AAD5B2-D261-4BCA-AB3B-63A690E2691C}.Debug|Any CPU.Build.0 = Debug|Any CPU
		{26AAD5B2-D261-4BCA-AB3B-63A690E2691C}.Release|Any CPU.ActiveCfg = Release|Any CPU
		{26AAD5B2-D261-4BCA-AB3B-63A690E2691C}.Release|Any CPU.Build.0 = Release|Any CPU
	EndGlobalSection
	GlobalSection(SolutionProperties) = preSolution
		HideSolutionNode = FALSE
	EndGlobalSection
	GlobalSection(NestedProjects) = preSolution
		{65E31B27-5F93-455E-89D9-83B5F8FB2227} = {AF98CD27-94C7-4961-87D7-E7C70899F714}
		{99781860-DC7D-47BD-81AE-8F65689C677A} = {B6E7F9A3-292C-429B-9C71-D4F936B98285}
		{BDCED876-ABCA-4911-B4AA-AC3CFB0E993B} = {AF98CD27-94C7-4961-87D7-E7C70899F714}
		{0E71A6AA-4B0B-47B2-B518-64CF865A8FB9} = {AF98CD27-94C7-4961-87D7-E7C70899F714}
		{2CE8A16B-58DA-4C37-8B7E-71B3737897B2} = {AF98CD27-94C7-4961-87D7-E7C70899F714}
		{6520370C-17B4-4548-A7C6-89623105FF51} = {B6E7F9A3-292C-429B-9C71-D4F936B98285}
		{26AAD5B2-D261-4BCA-AB3B-63A690E2691C} = {42FE7805-A87F-49E9-8FA8-062CA6827711}
	EndGlobalSection
	GlobalSection(ExtensibilityGlobals) = postSolution
		SolutionGuid = {450AB4CA-E1D0-46A3-AD98-1915E8B9DF4D}
	EndGlobalSection
EndGlobal
